
Microsoft Visual Studio Solution File, Format Version 12.00
# Visual Studio Version 17
VisualStudioVersion = 17.14.35906.104
MinimumVisualStudioVersion = 10.0.40219.1
Project("{F184B08F-C81C-45F6-A57F-5ABD9991F28F}") = "幻影坦克", "幻影坦克\幻影坦克.vbproj", "{062E7A4E-3E36-4026-B5B4-19FA9FFA0F7A}"
EndProject
Project("{FAE04EC0-301F-11D3-BF4B-00C04F79EFBC}") = "幻影坦克MAUI", "幻影坦克MAUI\幻影坦克MAUI.csproj", "{BA317741-26E2-4B4C-86D1-E71DB5530C9F}"
EndProject
Project("{FAE04EC0-301F-11D3-BF4B-00C04F79EFBC}") = "MauiApp2", "MauiApp2\MauiApp2.csproj", "{8A54B5AF-1DCF-4DEE-AB81-33B51A9FDE91}"
EndProject
Project("{FAE04EC0-301F-11D3-BF4B-00C04F79EFBC}") = "MauiApp1", "MauiApp1\MauiApp1.csproj", "{C63DBF44-F268-4143-8CBD-234201DA761D}"
EndProject
Project("{FAE04EC0-301F-11D3-BF4B-00C04F79EFBC}") = "MauiApp3", "MauiApp3\MauiApp3.csproj", "{90652835-A672-4795-B970-161BF2724B10}"
EndProject
Global
	GlobalSection(SolutionConfigurationPlatforms) = preSolution
		Debug|Any CPU = Debug|Any CPU
		Debug|ARM = Debug|ARM
		Debug|ARM64 = Debug|ARM64
		Debug|x64 = Debug|x64
		Debug|x86 = Debug|x86
		Release|Any CPU = Release|Any CPU
		Release|ARM = Release|ARM
		Release|ARM64 = Release|ARM64
		Release|x64 = Release|x64
		Release|x86 = Release|x86
	EndGlobalSection
	GlobalSection(ProjectConfigurationPlatforms) = postSolution
		{062E7A4E-3E36-4026-B5B4-19FA9FFA0F7A}.Debug|Any CPU.ActiveCfg = Debug|x86
		{062E7A4E-3E36-4026-B5B4-19FA9FFA0F7A}.Debug|ARM.ActiveCfg = Debug|ARM
		{062E7A4E-3E36-4026-B5B4-19FA9FFA0F7A}.Debug|ARM.Build.0 = Debug|ARM
		{062E7A4E-3E36-4026-B5B4-19FA9FFA0F7A}.Debug|ARM.Deploy.0 = Debug|ARM
		{062E7A4E-3E36-4026-B5B4-19FA9FFA0F7A}.Debug|ARM64.ActiveCfg = Debug|ARM64
		{062E7A4E-3E36-4026-B5B4-19FA9FFA0F7A}.Debug|ARM64.Build.0 = Debug|ARM64
		{062E7A4E-3E36-4026-B5B4-19FA9FFA0F7A}.Debug|ARM64.Deploy.0 = Debug|ARM64
		{062E7A4E-3E36-4026-B5B4-19FA9FFA0F7A}.Debug|x64.ActiveCfg = Debug|x64
		{062E7A4E-3E36-4026-B5B4-19FA9FFA0F7A}.Debug|x64.Build.0 = Debug|x64
		{062E7A4E-3E36-4026-B5B4-19FA9FFA0F7A}.Debug|x64.Deploy.0 = Debug|x64
		{062E7A4E-3E36-4026-B5B4-19FA9FFA0F7A}.Debug|x86.ActiveCfg = Debug|x86
		{062E7A4E-3E36-4026-B5B4-19FA9FFA0F7A}.Debug|x86.Build.0 = Debug|x86
		{062E7A4E-3E36-4026-B5B4-19FA9FFA0F7A}.Debug|x86.Deploy.0 = Debug|x86
		{062E7A4E-3E36-4026-B5B4-19FA9FFA0F7A}.Release|Any CPU.ActiveCfg = Release|x86
		{062E7A4E-3E36-4026-B5B4-19FA9FFA0F7A}.Release|ARM.ActiveCfg = Release|ARM
		{062E7A4E-3E36-4026-B5B4-19FA9FFA0F7A}.Release|ARM.Build.0 = Release|ARM
		{062E7A4E-3E36-4026-B5B4-19FA9FFA0F7A}.Release|ARM.Deploy.0 = Release|ARM
		{062E7A4E-3E36-4026-B5B4-19FA9FFA0F7A}.Release|ARM64.ActiveCfg = Release|ARM64
		{062E7A4E-3E36-4026-B5B4-19FA9FFA0F7A}.Release|ARM64.Build.0 = Release|ARM64
		{062E7A4E-3E36-4026-B5B4-19FA9FFA0F7A}.Release|ARM64.Deploy.0 = Release|ARM64
		{062E7A4E-3E36-4026-B5B4-19FA9FFA0F7A}.Release|x64.ActiveCfg = Release|x64
		{062E7A4E-3E36-4026-B5B4-19FA9FFA0F7A}.Release|x64.Build.0 = Release|x64
		{062E7A4E-3E36-4026-B5B4-19FA9FFA0F7A}.Release|x64.Deploy.0 = Release|x64
		{062E7A4E-3E36-4026-B5B4-19FA9FFA0F7A}.Release|x86.ActiveCfg = Release|x86
		{062E7A4E-3E36-4026-B5B4-19FA9FFA0F7A}.Release|x86.Build.0 = Release|x86
		{062E7A4E-3E36-4026-B5B4-19FA9FFA0F7A}.Release|x86.Deploy.0 = Release|x86
		{BA317741-26E2-4B4C-86D1-E71DB5530C9F}.Debug|Any CPU.ActiveCfg = Debug|Any CPU
		{BA317741-26E2-4B4C-86D1-E71DB5530C9F}.Debug|Any CPU.Build.0 = Debug|Any CPU
		{BA317741-26E2-4B4C-86D1-E71DB5530C9F}.Debug|Any CPU.Deploy.0 = Debug|Any CPU
		{BA317741-26E2-4B4C-86D1-E71DB5530C9F}.Debug|ARM.ActiveCfg = Debug|Any CPU
		{BA317741-26E2-4B4C-86D1-E71DB5530C9F}.Debug|ARM.Build.0 = Debug|Any CPU
		{BA317741-26E2-4B4C-86D1-E71DB5530C9F}.Debug|ARM64.ActiveCfg = Debug|Any CPU
		{BA317741-26E2-4B4C-86D1-E71DB5530C9F}.Debug|ARM64.Build.0 = Debug|Any CPU
		{BA317741-26E2-4B4C-86D1-E71DB5530C9F}.Debug|x64.ActiveCfg = Debug|Any CPU
		{BA317741-26E2-4B4C-86D1-E71DB5530C9F}.Debug|x64.Build.0 = Debug|Any CPU
		{BA317741-26E2-4B4C-86D1-E71DB5530C9F}.Debug|x86.ActiveCfg = Debug|Any CPU
		{BA317741-26E2-4B4C-86D1-E71DB5530C9F}.Debug|x86.Build.0 = Debug|Any CPU
		{BA317741-26E2-4B4C-86D1-E71DB5530C9F}.Release|Any CPU.ActiveCfg = Release|Any CPU
		{BA317741-26E2-4B4C-86D1-E71DB5530C9F}.Release|Any CPU.Build.0 = Release|Any CPU
		{BA317741-26E2-4B4C-86D1-E71DB5530C9F}.Release|ARM.ActiveCfg = Release|Any CPU
		{BA317741-26E2-4B4C-86D1-E71DB5530C9F}.Release|ARM.Build.0 = Release|Any CPU
		{BA317741-26E2-4B4C-86D1-E71DB5530C9F}.Release|ARM64.ActiveCfg = Release|Any CPU
		{BA317741-26E2-4B4C-86D1-E71DB5530C9F}.Release|ARM64.Build.0 = Release|Any CPU
		{BA317741-26E2-4B4C-86D1-E71DB5530C9F}.Release|x64.ActiveCfg = Release|Any CPU
		{BA317741-26E2-4B4C-86D1-E71DB5530C9F}.Release|x64.Build.0 = Release|Any CPU
		{BA317741-26E2-4B4C-86D1-E71DB5530C9F}.Release|x86.ActiveCfg = Release|Any CPU
		{BA317741-26E2-4B4C-86D1-E71DB5530C9F}.Release|x86.Build.0 = Release|Any CPU
		{8A54B5AF-1DCF-4DEE-AB81-33B51A9FDE91}.Debug|Any CPU.ActiveCfg = Debug|Any CPU
		{8A54B5AF-1DCF-4DEE-AB81-33B51A9FDE91}.Debug|Any CPU.Build.0 = Debug|Any CPU
		{8A54B5AF-1DCF-4DEE-AB81-33B51A9FDE91}.Debug|ARM.ActiveCfg = Debug|Any CPU
		{8A54B5AF-1DCF-4DEE-AB81-33B51A9FDE91}.Debug|ARM.Build.0 = Debug|Any CPU
		{8A54B5AF-1DCF-4DEE-AB81-33B51A9FDE91}.Debug|ARM64.ActiveCfg = Debug|Any CPU
		{8A54B5AF-1DCF-4DEE-AB81-33B51A9FDE91}.Debug|ARM64.Build.0 = Debug|Any CPU
		{8A54B5AF-1DCF-4DEE-AB81-33B51A9FDE91}.Debug|x64.ActiveCfg = Debug|Any CPU
		{8A54B5AF-1DCF-4DEE-AB81-33B51A9FDE91}.Debug|x64.Build.0 = Debug|Any CPU
		{8A54B5AF-1DCF-4DEE-AB81-33B51A9FDE91}.Debug|x86.ActiveCfg = Debug|Any CPU
		{8A54B5AF-1DCF-4DEE-AB81-33B51A9FDE91}.Debug|x86.Build.0 = Debug|Any CPU
		{8A54B5AF-1DCF-4DEE-AB81-33B51A9FDE91}.Release|Any CPU.ActiveCfg = Release|Any CPU
		{8A54B5AF-1DCF-4DEE-AB81-33B51A9FDE91}.Release|Any CPU.Build.0 = Release|Any CPU
		{8A54B5AF-1DCF-4DEE-AB81-33B51A9FDE91}.Release|ARM.ActiveCfg = Release|Any CPU
		{8A54B5AF-1DCF-4DEE-AB81-33B51A9FDE91}.Release|ARM.Build.0 = Release|Any CPU
		{8A54B5AF-1DCF-4DEE-AB81-33B51A9FDE91}.Release|ARM64.ActiveCfg = Release|Any CPU
		{8A54B5AF-1DCF-4DEE-AB81-33B51A9FDE91}.Release|ARM64.Build.0 = Release|Any CPU
		{8A54B5AF-1DCF-4DEE-AB81-33B51A9FDE91}.Release|x64.ActiveCfg = Release|Any CPU
		{8A54B5AF-1DCF-4DEE-AB81-33B51A9FDE91}.Release|x64.Build.0 = Release|Any CPU
		{8A54B5AF-1DCF-4DEE-AB81-33B51A9FDE91}.Release|x86.ActiveCfg = Release|Any CPU
		{8A54B5AF-1DCF-4DEE-AB81-33B51A9FDE91}.Release|x86.Build.0 = Release|Any CPU
		{C63DBF44-F268-4143-8CBD-234201DA761D}.Debug|Any CPU.ActiveCfg = Debug|Any CPU
		{C63DBF44-F268-4143-8CBD-234201DA761D}.Debug|Any CPU.Build.0 = Debug|Any CPU
		{C63DBF44-F268-4143-8CBD-234201DA761D}.Debug|Any CPU.Deploy.0 = Debug|Any CPU
		{C63DBF44-F268-4143-8CBD-234201DA761D}.Debug|ARM.ActiveCfg = Debug|Any CPU
		{C63DBF44-F268-4143-8CBD-234201DA761D}.Debug|ARM.Build.0 = Debug|Any CPU
		{C63DBF44-F268-4143-8CBD-234201DA761D}.Debug|ARM64.ActiveCfg = Debug|Any CPU
		{C63DBF44-F268-4143-8CBD-234201DA761D}.Debug|ARM64.Build.0 = Debug|Any CPU
		{C63DBF44-F268-4143-8CBD-234201DA761D}.Debug|x64.ActiveCfg = Debug|Any CPU
		{C63DBF44-F268-4143-8CBD-234201DA761D}.Debug|x64.Build.0 = Debug|Any CPU
		{C63DBF44-F268-4143-8CBD-234201DA761D}.Debug|x86.ActiveCfg = Debug|Any CPU
		{C63DBF44-F268-4143-8CBD-234201DA761D}.Debug|x86.Build.0 = Debug|Any CPU
		{C63DBF44-F268-4143-8CBD-234201DA761D}.Release|Any CPU.ActiveCfg = Release|Any CPU
		{C63DBF44-F268-4143-8CBD-234201DA761D}.Release|Any CPU.Build.0 = Release|Any CPU
		{C63DBF44-F268-4143-8CBD-234201DA761D}.Release|ARM.ActiveCfg = Release|Any CPU
		{C63DBF44-F268-4143-8CBD-234201DA761D}.Release|ARM.Build.0 = Release|Any CPU
		{C63DBF44-F268-4143-8CBD-234201DA761D}.Release|ARM64.ActiveCfg = Release|Any CPU
		{C63DBF44-F268-4143-8CBD-234201DA761D}.Release|ARM64.Build.0 = Release|Any CPU
		{C63DBF44-F268-4143-8CBD-234201DA761D}.Release|x64.ActiveCfg = Release|Any CPU
		{C63DBF44-F268-4143-8CBD-234201DA761D}.Release|x64.Build.0 = Release|Any CPU
		{C63DBF44-F268-4143-8CBD-234201DA761D}.Release|x86.ActiveCfg = Release|Any CPU
		{C63DBF44-F268-4143-8CBD-234201DA761D}.Release|x86.Build.0 = Release|Any CPU
		{90652835-A672-4795-B970-161BF2724B10}.Debug|Any CPU.ActiveCfg = Debug|Any CPU
		{90652835-A672-4795-B970-161BF2724B10}.Debug|Any CPU.Build.0 = Debug|Any CPU
		{90652835-A672-4795-B970-161BF2724B10}.Debug|ARM.ActiveCfg = Debug|Any CPU
		{90652835-A672-4795-B970-161BF2724B10}.Debug|ARM.Build.0 = Debug|Any CPU
		{90652835-A672-4795-B970-161BF2724B10}.Debug|ARM64.ActiveCfg = Debug|Any CPU
		{90652835-A672-4795-B970-161BF2724B10}.Debug|ARM64.Build.0 = Debug|Any CPU
		{90652835-A672-4795-B970-161BF2724B10}.Debug|x64.ActiveCfg = Debug|Any CPU
		{90652835-A672-4795-B970-161BF2724B10}.Debug|x64.Build.0 = Debug|Any CPU
		{90652835-A672-4795-B970-161BF2724B10}.Debug|x86.ActiveCfg = Debug|Any CPU
		{90652835-A672-4795-B970-161BF2724B10}.Debug|x86.Build.0 = Debug|Any CPU
		{90652835-A672-4795-B970-161BF2724B10}.Release|Any CPU.ActiveCfg = Release|Any CPU
		{90652835-A672-4795-B970-161BF2724B10}.Release|Any CPU.Build.0 = Release|Any CPU
		{90652835-A672-4795-B970-161BF2724B10}.Release|ARM.ActiveCfg = Release|Any CPU
		{90652835-A672-4795-B970-161BF2724B10}.Release|ARM.Build.0 = Release|Any CPU
		{90652835-A672-4795-B970-161BF2724B10}.Release|ARM64.ActiveCfg = Release|Any CPU
		{90652835-A672-4795-B970-161BF2724B10}.Release|ARM64.Build.0 = Release|Any CPU
		{90652835-A672-4795-B970-161BF2724B10}.Release|x64.ActiveCfg = Release|Any CPU
		{90652835-A672-4795-B970-161BF2724B10}.Release|x64.Build.0 = Release|Any CPU
		{90652835-A672-4795-B970-161BF2724B10}.Release|x86.ActiveCfg = Release|Any CPU
		{90652835-A672-4795-B970-161BF2724B10}.Release|x86.Build.0 = Release|Any CPU
	EndGlobalSection
	GlobalSection(SolutionProperties) = preSolution
		HideSolutionNode = FALSE
	EndGlobalSection
	GlobalSection(ExtensibilityGlobals) = postSolution
		SolutionGuid = {8934112D-1955-4CA7-85C8-7D931705109D}
	EndGlobalSection
EndGlobal
